
Microsoft Visual Studio Solution File, Format Version 12.00
# Visual Studio Version 16
VisualStudioVersion = 16.0.31911.196
MinimumVisualStudioVersion = 10.0.40219.1
Project("{FAE04EC0-301F-11D3-BF4B-00C04F79EFBC}") = "AccesodeDatos", "AccesodeDatos\AccesodeDatos.csproj", "{7ED22383-B55F-4D05-BBCC-2AE1B19D380B}"
EndProject
Global
	GlobalSection(SolutionConfigurationPlatforms) = preSolution
		Debug|Any CPU = Debug|Any CPU
		Release|Any CPU = Release|Any CPU
	EndGlobalSection
	GlobalSection(ProjectConfigurationPlatforms) = postSolution
		{7ED22383-B55F-4D05-BBCC-2AE1B19D380B}.Debug|Any CPU.ActiveCfg = Debug|Any CPU
		{7ED22383-B55F-4D05-BBCC-2AE1B19D380B}.Debug|Any CPU.Build.0 = Debug|Any CPU
		{7ED22383-B55F-4D05-BBCC-2AE1B19D380B}.Release|Any CPU.ActiveCfg = Release|Any CPU
		{7ED22383-B55F-4D05-BBCC-2AE1B19D380B}.Release|Any CPU.Build.0 = Release|Any CPU
	EndGlobalSection
	GlobalSection(SolutionProperties) = preSolution
		HideSolutionNode = FALSE
	EndGlobalSection
	GlobalSection(ExtensibilityGlobals) = postSolution
		SolutionGuid = {38BF423B-76F7-424D-87F4-CC1B919E30E9}
	EndGlobalSection
EndGlobal
